# THIS IS AN AUTOGENERATED FILE. DO NOT EDIT THIS FILE DIRECTLY.
# yarn lockfile v1


cnoke@^3.2.0:
  version "3.2.0"
  resolved "https://registry.yarnpkg.com/cnoke/-/cnoke-3.2.0.tgz#df314ca1afea13e0feca86be2db9ff6fb9b8f17f"
  integrity sha512-kglrhvB4ZZlRUFPsZP8UU6HbLkZCYGKfZzGLcpU0x2lRotB2s61Gxa1bPNDTSjZND2i1FdIxni5p0V2/359ORA==

koffi@^2.1.1:
  version "2.1.1"
  resolved "https://registry.yarnpkg.com/koffi/-/koffi-2.1.1.tgz#8878894b96bbab9f60f114f8712e65faf9302ece"
  integrity sha512-Ni2iGr7E7ISF6k0ovRD1BH82j00w/HVEoTZQ1REPuHo4UP8vf+qkqFxssvOaUMhp/f6CvslBGkcR2ah1qZbC/g==
  dependencies:
    cnoke "^3.2.0"
