# THIS IS AN AUTOGENERATED FILE. DO NOT EDIT THIS FILE DIRECTLY.
# yarn lockfile v1


cnoke@^3.2.0:
  version "3.2.0"
  resolved "https://registry.yarnpkg.com/cnoke/-/cnoke-3.2.0.tgz#df314ca1afea13e0feca86be2db9ff6fb9b8f17f"
  integrity sha512-kglrhvB4ZZlRUFPsZP8UU6HbLkZCYGKfZzGLcpU0x2lRotB2s61Gxa1bPNDTSjZND2i1FdIxni5p0V2/359ORA==

debug@^4.1.1:
  version "4.3.4"
  resolved "https://registry.yarnpkg.com/debug/-/debug-4.3.4.tgz#1319f6579357f2338d3337d2cdd4914bb5dcc865"
  integrity sha512-PRWFHuSU3eDtQJPvnNY7Jcket1j0t5OuOsFzPPzsekD52Zl8qUfFIPEiswXqIvHWGVHOgX+7G/vCNNhehwxfkQ==
  dependencies:
    ms "2.1.2"

get-symbol-from-current-process-h@^1.0.2:
  version "1.0.2"
  resolved "https://registry.yarnpkg.com/get-symbol-from-current-process-h/-/get-symbol-from-current-process-h-1.0.2.tgz#510af52eaef873f7028854c3377f47f7bb200265"
  integrity sha512-syloC6fsCt62ELLrr1VKBM1ggOpMdetX9hTrdW77UQdcApPHLmf7CI7OKcN1c9kYuNxKcDe4iJ4FY9sX3aw2xw==

koffi@^2.1.1:
  version "2.1.1"
  resolved "https://registry.yarnpkg.com/koffi/-/koffi-2.1.1.tgz#8878894b96bbab9f60f114f8712e65faf9302ece"
  integrity sha512-Ni2iGr7E7ISF6k0ovRD1BH82j00w/HVEoTZQ1REPuHo4UP8vf+qkqFxssvOaUMhp/f6CvslBGkcR2ah1qZbC/g==
  dependencies:
    cnoke "^3.2.0"

ms@2.1.2:
  version "2.1.2"
  resolved "https://registry.yarnpkg.com/ms/-/ms-2.1.2.tgz#d09d1f357b443f493382a8eb3ccd183872ae6009"
  integrity sha512-sGkPx+VjMtmA6MX27oA4FBFELFCZZ4S4XqeGOXCv68tT+jb3vk/RyaKWP0PTKyWtmLSM0b+adUTEvbs1PEaH2w==

node-addon-api@^3.0.0:
  version "3.2.1"
  resolved "https://registry.yarnpkg.com/node-addon-api/-/node-addon-api-3.2.1.tgz#81325e0a2117789c0128dab65e7e38f07ceba161"
  integrity sha512-mmcei9JghVNDYydghQmeDX8KoAm0FAiYyIcUt/N4nhyAipB17pllZQDOJD2fotxABnt4Mdz+dKTO7eftLg4d0A==

node-gyp-build@^4.2.1:
  version "4.5.0"
  resolved "https://registry.yarnpkg.com/node-gyp-build/-/node-gyp-build-4.5.0.tgz#7a64eefa0b21112f89f58379da128ac177f20e40"
  integrity sha512-2iGbaQBV+ITgCz76ZEjmhUKAKVf7xfY1sRl4UiKQspfZMH2h06SyhNsnSVy50cwkFQDGLyif6m/6uFXHkOZ6rg==

ref-napi@^3.0.3:
  version "3.0.3"
  resolved "https://registry.yarnpkg.com/ref-napi/-/ref-napi-3.0.3.tgz#e259bfc2bbafb3e169e8cd9ba49037dd00396b22"
  integrity sha512-LiMq/XDGcgodTYOMppikEtJelWsKQERbLQsYm0IOOnzhwE9xYZC7x8txNnFC9wJNOkPferQI4vD4ZkC0mDyrOA==
  dependencies:
    debug "^4.1.1"
    get-symbol-from-current-process-h "^1.0.2"
    node-addon-api "^3.0.0"
    node-gyp-build "^4.2.1"
